// !$*UTF8*$!
{
	archiveVersion = 1;
	classes = {
	};
	objectVersion = 50;
	objects = {

/* Begin PBXBuildFile section */
		53D9237322F9DDB10057B826 /* AppDelegate.swift in Sources */ = {isa = PBXBuildFile; fileRef = 53D9237222F9DDB10057B826 /* AppDelegate.swift */; };
		53D9237522F9DDB10057B826 /* ViewController.swift in Sources */ = {isa = PBXBuildFile; fileRef = 53D9237422F9DDB10057B826 /* ViewController.swift */; };
		53D9237822F9DDB10057B826 /* Main.storyboard in Resources */ = {isa = PBXBuildFile; fileRef = 53D9237622F9DDB10057B826 /* Main.storyboard */; };
		53D9237A22F9DDB20057B826 /* Assets.xcassets in Resources */ = {isa = PBXBuildFile; fileRef = 53D9237922F9DDB20057B826 /* Assets.xcassets */; };
		53D9237D22F9DDB20057B826 /* LaunchScreen.storyboard in Resources */ = {isa = PBXBuildFile; fileRef = 53D9237B22F9DDB20057B826 /* LaunchScreen.storyboard */; };
		53D9238222F9DDB20057B826 /* Convertisseur de monnaie WatchKit App.app in Embed Watch Content */ = {isa = PBXBuildFile; fileRef = 53D9238122F9DDB20057B826 /* Convertisseur de monnaie WatchKit App.app */; };
		53D9238822F9DDB20057B826 /* Interface.storyboard in Resources */ = {isa = PBXBuildFile; fileRef = 53D9238622F9DDB20057B826 /* Interface.storyboard */; };
		53D9238A22F9DDB30057B826 /* Assets.xcassets in Resources */ = {isa = PBXBuildFile; fileRef = 53D9238922F9DDB30057B826 /* Assets.xcassets */; };
		53D9239122F9DDB30057B826 /* Convertisseur de monnaie WatchKit Extension.appex in Embed App Extensions */ = {isa = PBXBuildFile; fileRef = 53D9239022F9DDB30057B826 /* Convertisseur de monnaie WatchKit Extension.appex */; settings = {ATTRIBUTES = (RemoveHeadersOnCopy, ); }; };
		53D9239622F9DDB30057B826 /* InterfaceController.swift in Sources */ = {isa = PBXBuildFile; fileRef = 53D9239522F9DDB30057B826 /* InterfaceController.swift */; };
		53D9239822F9DDB30057B826 /* ExtensionDelegate.swift in Sources */ = {isa = PBXBuildFile; fileRef = 53D9239722F9DDB30057B826 /* ExtensionDelegate.swift */; };
		53D9239A22F9DDB40057B826 /* Assets.xcassets in Resources */ = {isa = PBXBuildFile; fileRef = 53D9239922F9DDB40057B826 /* Assets.xcassets */; };
/* End PBXBuildFile section */

/* Begin PBXContainerItemProxy section */
		53D9238322F9DDB20057B826 /* PBXContainerItemProxy */ = {
			isa = PBXContainerItemProxy;
			containerPortal = 53D9236722F9DDB10057B826 /* Project object */;
			proxyType = 1;
			remoteGlobalIDString = 53D9238022F9DDB20057B826;
			remoteInfo = "Convertisseur de monnaie WatchKit App";
		};
		53D9239222F9DDB30057B826 /* PBXContainerItemProxy */ = {
			isa = PBXContainerItemProxy;
			containerPortal = 53D9236722F9DDB10057B826 /* Project object */;
			proxyType = 1;
			remoteGlobalIDString = 53D9238F22F9DDB30057B826;
			remoteInfo = "Convertisseur de monnaie WatchKit Extension";
		};
/* End PBXContainerItemProxy section */

/* Begin PBXCopyFilesBuildPhase section */
		53D923A122F9DDB40057B826 /* Embed App Extensions */ = {
			isa = PBXCopyFilesBuildPhase;
			buildActionMask = 2147483647;
			dstPath = "";
			dstSubfolderSpec = 13;
			files = (
				53D9239122F9DDB30057B826 /* Convertisseur de monnaie WatchKit Extension.appex in Embed App Extensions */,
			);
			name = "Embed App Extensions";
			runOnlyForDeploymentPostprocessing = 0;
		};
		53D923A522F9DDB40057B826 /* Embed Watch Content */ = {
			isa = PBXCopyFilesBuildPhase;
			buildActionMask = 2147483647;
			dstPath = "$(CONTENTS_FOLDER_PATH)/Watch";
			dstSubfolderSpec = 16;
			files = (
				53D9238222F9DDB20057B826 /* Convertisseur de monnaie WatchKit App.app in Embed Watch Content */,
			);
			name = "Embed Watch Content";
			runOnlyForDeploymentPostprocessing = 0;
		};
/* End PBXCopyFilesBuildPhase section */

/* Begin PBXFileReference section */
		53D9236F22F9DDB10057B826 /* Convertisseur de monnaie.app */ = {isa = PBXFileReference; explicitFileType = wrapper.application; includeInIndex = 0; path = "Convertisseur de monnaie.app"; sourceTree = BUILT_PRODUCTS_DIR; };
		53D9237222F9DDB10057B826 /* AppDelegate.swift */ = {isa = PBXFileReference; lastKnownFileType = sourcecode.swift; path = AppDelegate.swift; sourceTree = "<group>"; };
		53D9237422F9DDB10057B826 /* ViewController.swift */ = {isa = PBXFileReference; lastKnownFileType = sourcecode.swift; path = ViewController.swift; sourceTree = "<group>"; };
		53D9237722F9DDB10057B826 /* Base */ = {isa = PBXFileReference; lastKnownFileType = file.storyboard; name = Base; path = Base.lproj/Main.storyboard; sourceTree = "<group>"; };
		53D9237922F9DDB20057B826 /* Assets.xcassets */ = {isa = PBXFileReference; lastKnownFileType = folder.assetcatalog; path = Assets.xcassets; sourceTree = "<group>"; };
		53D9237C22F9DDB20057B826 /* Base */ = {isa = PBXFileReference; lastKnownFileType = file.storyboard; name = Base; path = Base.lproj/LaunchScreen.storyboard; sourceTree = "<group>"; };
		53D9237E22F9DDB20057B826 /* Info.plist */ = {isa = PBXFileReference; lastKnownFileType = text.plist.xml; path = Info.plist; sourceTree = "<group>"; };
		53D9238122F9DDB20057B826 /* Convertisseur de monnaie WatchKit App.app */ = {isa = PBXFileReference; explicitFileType = wrapper.application; includeInIndex = 0; path = "Convertisseur de monnaie WatchKit App.app"; sourceTree = BUILT_PRODUCTS_DIR; };
		53D9238722F9DDB20057B826 /* Base */ = {isa = PBXFileReference; lastKnownFileType = file.storyboard; name = Base; path = Base.lproj/Interface.storyboard; sourceTree = "<group>"; };
		53D9238922F9DDB30057B826 /* Assets.xcassets */ = {isa = PBXFileReference; lastKnownFileType = folder.assetcatalog; path = Assets.xcassets; sourceTree = "<group>"; };
		53D9238B22F9DDB30057B826 /* Info.plist */ = {isa = PBXFileReference; lastKnownFileType = text.plist.xml; path = Info.plist; sourceTree = "<group>"; };
		53D9239022F9DDB30057B826 /* Convertisseur de monnaie WatchKit Extension.appex */ = {isa = PBXFileReference; explicitFileType = "wrapper.app-extension"; includeInIndex = 0; path = "Convertisseur de monnaie WatchKit Extension.appex"; sourceTree = BUILT_PRODUCTS_DIR; };
		53D9239522F9DDB30057B826 /* InterfaceController.swift */ = {isa = PBXFileReference; lastKnownFileType = sourcecode.swift; path = InterfaceController.swift; sourceTree = "<group>"; };
		53D9239722F9DDB30057B826 /* ExtensionDelegate.swift */ = {isa = PBXFileReference; lastKnownFileType = sourcecode.swift; path = ExtensionDelegate.swift; sourceTree = "<group>"; };
		53D9239922F9DDB40057B826 /* Assets.xcassets */ = {isa = PBXFileReference; lastKnownFileType = folder.assetcatalog; path = Assets.xcassets; sourceTree = "<group>"; };
		53D9239B22F9DDB40057B826 /* Info.plist */ = {isa = PBXFileReference; lastKnownFileType = text.plist.xml; path = Info.plist; sourceTree = "<group>"; };
/* End PBXFileReference section */

/* Begin PBXFrameworksBuildPhase section */
		53D9236C22F9DDB10057B826 /* Frameworks */ = {
			isa = PBXFrameworksBuildPhase;
			buildActionMask = 2147483647;
			files = (
			);
			runOnlyForDeploymentPostprocessing = 0;
		};
		53D9238D22F9DDB30057B826 /* Frameworks */ = {
			isa = PBXFrameworksBuildPhase;
			buildActionMask = 2147483647;
			files = (
			);
			runOnlyForDeploymentPostprocessing = 0;
		};
/* End PBXFrameworksBuildPhase section */

/* Begin PBXGroup section */
		53D9236622F9DDB10057B826 = {
			isa = PBXGroup;
			children = (
				53D9237122F9DDB10057B826 /* Convertisseur de monnaie */,
				53D9238522F9DDB20057B826 /* Convertisseur de monnaie WatchKit App */,
				53D9239422F9DDB30057B826 /* Convertisseur de monnaie WatchKit Extension */,
				53D9237022F9DDB10057B826 /* Products */,
			);
			sourceTree = "<group>";
		};
		53D9237022F9DDB10057B826 /* Products */ = {
			isa = PBXGroup;
			children = (
				53D9236F22F9DDB10057B826 /* Convertisseur de monnaie.app */,
				53D9238122F9DDB20057B826 /* Convertisseur de monnaie WatchKit App.app */,
				53D9239022F9DDB30057B826 /* Convertisseur de monnaie WatchKit Extension.appex */,
			);
			name = Products;
			sourceTree = "<group>";
		};
		53D9237122F9DDB10057B826 /* Convertisseur de monnaie */ = {
			isa = PBXGroup;
			children = (
				53D9237222F9DDB10057B826 /* AppDelegate.swift */,
				53D9237422F9DDB10057B826 /* ViewController.swift */,
				53D9237622F9DDB10057B826 /* Main.storyboard */,
				53D9237922F9DDB20057B826 /* Assets.xcassets */,
				53D9237B22F9DDB20057B826 /* LaunchScreen.storyboard */,
				53D9237E22F9DDB20057B826 /* Info.plist */,
			);
			path = "Convertisseur de monnaie";
			sourceTree = "<group>";
		};
		53D9238522F9DDB20057B826 /* Convertisseur de monnaie WatchKit App */ = {
			isa = PBXGroup;
			children = (
				53D9238622F9DDB20057B826 /* Interface.storyboard */,
				53D9238922F9DDB30057B826 /* Assets.xcassets */,
				53D9238B22F9DDB30057B826 /* Info.plist */,
			);
			path = "Convertisseur de monnaie WatchKit App";
			sourceTree = "<group>";
		};
		53D9239422F9DDB30057B826 /* Convertisseur de monnaie WatchKit Extension */ = {
			isa = PBXGroup;
			children = (
				53D9239522F9DDB30057B826 /* InterfaceController.swift */,
				53D9239722F9DDB30057B826 /* ExtensionDelegate.swift */,
				53D9239922F9DDB40057B826 /* Assets.xcassets */,
				53D9239B22F9DDB40057B826 /* Info.plist */,
			);
			path = "Convertisseur de monnaie WatchKit Extension";
			sourceTree = "<group>";
		};
/* End PBXGroup section */

/* Begin PBXNativeTarget section */
		53D9236E22F9DDB10057B826 /* Convertisseur de monnaie */ = {
			isa = PBXNativeTarget;
			buildConfigurationList = 53D923A622F9DDB40057B826 /* Build configuration list for PBXNativeTarget "Convertisseur de monnaie" */;
			buildPhases = (
				53D9236B22F9DDB10057B826 /* Sources */,
				53D9236C22F9DDB10057B826 /* Frameworks */,
				53D9236D22F9DDB10057B826 /* Resources */,
				53D923A522F9DDB40057B826 /* Embed Watch Content */,
			);
			buildRules = (
			);
			dependencies = (
				53D9238422F9DDB20057B826 /* PBXTargetDependency */,
			);
			name = "Convertisseur de monnaie";
			productName = "Convertisseur de monnaie";
			productReference = 53D9236F22F9DDB10057B826 /* Convertisseur de monnaie.app */;
			productType = "com.apple.product-type.application";
		};
		53D9238022F9DDB20057B826 /* Convertisseur de monnaie WatchKit App */ = {
			isa = PBXNativeTarget;
			buildConfigurationList = 53D923A222F9DDB40057B826 /* Build configuration list for PBXNativeTarget "Convertisseur de monnaie WatchKit App" */;
			buildPhases = (
				53D9237F22F9DDB20057B826 /* Resources */,
				53D923A122F9DDB40057B826 /* Embed App Extensions */,
			);
			buildRules = (
			);
			dependencies = (
				53D9239322F9DDB30057B826 /* PBXTargetDependency */,
			);
			name = "Convertisseur de monnaie WatchKit App";
			productName = "Convertisseur de monnaie WatchKit App";
			productReference = 53D9238122F9DDB20057B826 /* Convertisseur de monnaie WatchKit App.app */;
			productType = "com.apple.product-type.application.watchapp2";
		};
		53D9238F22F9DDB30057B826 /* Convertisseur de monnaie WatchKit Extension */ = {
			isa = PBXNativeTarget;
			buildConfigurationList = 53D9239E22F9DDB40057B826 /* Build configuration list for PBXNativeTarget "Convertisseur de monnaie WatchKit Extension" */;
			buildPhases = (
				53D9238C22F9DDB30057B826 /* Sources */,
				53D9238D22F9DDB30057B826 /* Frameworks */,
				53D9238E22F9DDB30057B826 /* Resources */,
			);
			buildRules = (
			);
			dependencies = (
			);
			name = "Convertisseur de monnaie WatchKit Extension";
			productName = "Convertisseur de monnaie WatchKit Extension";
			productReference = 53D9239022F9DDB30057B826 /* Convertisseur de monnaie WatchKit Extension.appex */;
			productType = "com.apple.product-type.watchkit2-extension";
		};
/* End PBXNativeTarget section */

/* Begin PBXProject section */
		53D9236722F9DDB10057B826 /* Project object */ = {
			isa = PBXProject;
			attributes = {
				LastSwiftUpdateCheck = 1030;
				LastUpgradeCheck = 1030;
				ORGANIZATIONNAME = "Michel Garlandat";
				TargetAttributes = {
					53D9236E22F9DDB10057B826 = {
						CreatedOnToolsVersion = 10.3;
					};
					53D9238022F9DDB20057B826 = {
						CreatedOnToolsVersion = 10.3;
					};
					53D9238F22F9DDB30057B826 = {
						CreatedOnToolsVersion = 10.3;
					};
				};
			};
			buildConfigurationList = 53D9236A22F9DDB10057B826 /* Build configuration list for PBXProject "Convertisseur de monnaie" */;
			compatibilityVersion = "Xcode 9.3";
			developmentRegion = en;
			hasScannedForEncodings = 0;
			knownRegions = (
				en,
				Base,
			);
			mainGroup = 53D9236622F9DDB10057B826;
			productRefGroup = 53D9237022F9DDB10057B826 /* Products */;
			projectDirPath = "";
			projectRoot = "";
			targets = (
				53D9236E22F9DDB10057B826 /* Convertisseur de monnaie */,
				53D9238022F9DDB20057B826 /* Convertisseur de monnaie WatchKit App */,
				53D9238F22F9DDB30057B826 /* Convertisseur de monnaie WatchKit Extension */,
			);
		};
/* End PBXProject section */

/* Begin PBXResourcesBuildPhase section */
		53D9236D22F9DDB10057B826 /* Resources */ = {
			isa = PBXResourcesBuildPhase;
			buildActionMask = 2147483647;
			files = (
				53D9237D22F9DDB20057B826 /* LaunchScreen.storyboard in Resources */,
				53D9237A22F9DDB20057B826 /* Assets.xcassets in Resources */,
				53D9237822F9DDB10057B826 /* Main.storyboard in Resources */,
			);
			runOnlyForDeploymentPostprocessing = 0;
		};
		53D9237F22F9DDB20057B826 /* Resources */ = {
			isa = PBXResourcesBuildPhase;
			buildActionMask = 2147483647;
			files = (
				53D9238A22F9DDB30057B826 /* Assets.xcassets in Resources */,
				53D9238822F9DDB20057B826 /* Interface.storyboard in Resources */,
			);
			runOnlyForDeploymentPostprocessing = 0;
		};
		53D9238E22F9DDB30057B826 /* Resources */ = {
			isa = PBXResourcesBuildPhase;
			buildActionMask = 2147483647;
			files = (
				53D9239A22F9DDB40057B826 /* Assets.xcassets in Resources */,
			);
			runOnlyForDeploymentPostprocessing = 0;
		};
/* End PBXResourcesBuildPhase section */

/* Begin PBXSourcesBuildPhase section */
		53D9236B22F9DDB10057B826 /* Sources */ = {
			isa = PBXSourcesBuildPhase;
			buildActionMask = 2147483647;
			files = (
				53D9237522F9DDB10057B826 /* ViewController.swift in Sources */,
				53D9237322F9DDB10057B826 /* AppDelegate.swift in Sources */,
			);
			runOnlyForDeploymentPostprocessing = 0;
		};
		53D9238C22F9DDB30057B826 /* Sources */ = {
			isa = PBXSourcesBuildPhase;
			buildActionMask = 2147483647;
			files = (
				53D9239822F9DDB30057B826 /* ExtensionDelegate.swift in Sources */,
				53D9239622F9DDB30057B826 /* InterfaceController.swift in Sources */,
			);
			runOnlyForDeploymentPostprocessing = 0;
		};
/* End PBXSourcesBuildPhase section */

/* Begin PBXTargetDependency section */
		53D9238422F9DDB20057B826 /* PBXTargetDependency */ = {
			isa = PBXTargetDependency;
			target = 53D9238022F9DDB20057B826 /* Convertisseur de monnaie WatchKit App */;
			targetProxy = 53D9238322F9DDB20057B826 /* PBXContainerItemProxy */;
		};
		53D9239322F9DDB30057B826 /* PBXTargetDependency */ = {
			isa = PBXTargetDependency;
			target = 53D9238F22F9DDB30057B826 /* Convertisseur de monnaie WatchKit Extension */;
			targetProxy = 53D9239222F9DDB30057B826 /* PBXContainerItemProxy */;
		};
/* End PBXTargetDependency section */

/* Begin PBXVariantGroup section */
		53D9237622F9DDB10057B826 /* Main.storyboard */ = {
			isa = PBXVariantGroup;
			children = (
				53D9237722F9DDB10057B826 /* Base */,
			);
			name = Main.storyboard;
			sourceTree = "<group>";
		};
		53D9237B22F9DDB20057B826 /* LaunchScreen.storyboard */ = {
			isa = PBXVariantGroup;
			children = (
				53D9237C22F9DDB20057B826 /* Base */,
			);
			name = LaunchScreen.storyboard;
			sourceTree = "<group>";
		};
		53D9238622F9DDB20057B826 /* Interface.storyboard */ = {
			isa = PBXVariantGroup;
			children = (
				53D9238722F9DDB20057B826 /* Base */,
			);
			name = Interface.storyboard;
			sourceTree = "<group>";
		};
/* End PBXVariantGroup section */

/* Begin XCBuildConfiguration section */
		53D9239C22F9DDB40057B826 /* Debug */ = {
			isa = XCBuildConfiguration;
			buildSettings = {
				ALWAYS_SEARCH_USER_PATHS = NO;
				CLANG_ANALYZER_NONNULL = YES;
				CLANG_ANALYZER_NUMBER_OBJECT_CONVERSION = YES_AGGRESSIVE;
				CLANG_CXX_LANGUAGE_STANDARD = "gnu++14";
				CLANG_CXX_LIBRARY = "libc++";
				CLANG_ENABLE_MODULES = YES;
				CLANG_ENABLE_OBJC_ARC = YES;
				CLANG_ENABLE_OBJC_WEAK = YES;
				CLANG_WARN_BLOCK_CAPTURE_AUTORELEASING = YES;
				CLANG_WARN_BOOL_CONVERSION = YES;
				CLANG_WARN_COMMA = YES;
				CLANG_WARN_CONSTANT_CONVERSION = YES;
				CLANG_WARN_DEPRECATED_OBJC_IMPLEMENTATIONS = YES;
				CLANG_WARN_DIRECT_OBJC_ISA_USAGE = YES_ERROR;
				CLANG_WARN_DOCUMENTATION_COMMENTS = YES;
				CLANG_WARN_EMPTY_BODY = YES;
				CLANG_WARN_ENUM_CONVERSION = YES;
				CLANG_WARN_INFINITE_RECURSION = YES;
				CLANG_WARN_INT_CONVERSION = YES;
				CLANG_WARN_NON_LITERAL_NULL_CONVERSION = YES;
				CLANG_WARN_OBJC_IMPLICIT_RETAIN_SELF = YES;
				CLANG_WARN_OBJC_LITERAL_CONVERSION = YES;
				CLANG_WARN_OBJC_ROOT_CLASS = YES_ERROR;
				CLANG_WARN_RANGE_LOOP_ANALYSIS = YES;
				CLANG_WARN_STRICT_PROTOTYPES = YES;
				CLANG_WARN_SUSPICIOUS_MOVE = YES;
				CLANG_WARN_UNGUARDED_AVAILABILITY = YES_AGGRESSIVE;
				CLANG_WARN_UNREACHABLE_CODE = YES;
				CLANG_WARN__DUPLICATE_METHOD_MATCH = YES;
				CODE_SIGN_IDENTITY = "iPhone Developer";
				COPY_PHASE_STRIP = NO;
				DEBUG_INFORMATION_FORMAT = dwarf;
				ENABLE_STRICT_OBJC_MSGSEND = YES;
				ENABLE_TESTABILITY = YES;
				GCC_C_LANGUAGE_STANDARD = gnu11;
				GCC_DYNAMIC_NO_PIC = NO;
				GCC_NO_COMMON_BLOCKS = YES;
				GCC_OPTIMIZATION_LEVEL = 0;
				GCC_PREPROCESSOR_DEFINITIONS = (
					"DEBUG=1",
					"$(inherited)",
				);
				GCC_WARN_64_TO_32_BIT_CONVERSION = YES;
				GCC_WARN_ABOUT_RETURN_TYPE = YES_ERROR;
				GCC_WARN_UNDECLARED_SELECTOR = YES;
				GCC_WARN_UNINITIALIZED_AUTOS = YES_AGGRESSIVE;
				GCC_WARN_UNUSED_FUNCTION = YES;
				GCC_WARN_UNUSED_VARIABLE = YES;
				IPHONEOS_DEPLOYMENT_TARGET = 12.4;
				MTL_ENABLE_DEBUG_INFO = INCLUDE_SOURCE;
				MTL_FAST_MATH = YES;
				ONLY_ACTIVE_ARCH = YES;
				SDKROOT = iphoneos;
				SWIFT_ACTIVE_COMPILATION_CONDITIONS = DEBUG;
				SWIFT_OPTIMIZATION_LEVEL = "-Onone";
			};
			name = Debug;
		};
		53D9239D22F9DDB40057B826 /* Release */ = {
			isa = XCBuildConfiguration;
			buildSettings = {
				ALWAYS_SEARCH_USER_PATHS = NO;
				CLANG_ANALYZER_NONNULL = YES;
				CLANG_ANALYZER_NUMBER_OBJECT_CONVERSION = YES_AGGRESSIVE;
				CLANG_CXX_LANGUAGE_STANDARD = "gnu++14";
				CLANG_CXX_LIBRARY = "libc++";
				CLANG_ENABLE_MODULES = YES;
				CLANG_ENABLE_OBJC_ARC = YES;
				CLANG_ENABLE_OBJC_WEAK = YES;
				CLANG_WARN_BLOCK_CAPTURE_AUTORELEASING = YES;
				CLANG_WARN_BOOL_CONVERSION = YES;
				CLANG_WARN_COMMA = YES;
				CLANG_WARN_CONSTANT_CONVERSION = YES;
				CLANG_WARN_DEPRECATED_OBJC_IMPLEMENTATIONS = YES;
				CLANG_WARN_DIRECT_OBJC_ISA_USAGE = YES_ERROR;
				CLANG_WARN_DOCUMENTATION_COMMENTS = YES;
				CLANG_WARN_EMPTY_BODY = YES;
				CLANG_WARN_ENUM_CONVERSION = YES;
				CLANG_WARN_INFINITE_RECURSION = YES;
				CLANG_WARN_INT_CONVERSION = YES;
				CLANG_WARN_NON_LITERAL_NULL_CONVERSION = YES;
				CLANG_WARN_OBJC_IMPLICIT_RETAIN_SELF = YES;
				CLANG_WARN_OBJC_LITERAL_CONVERSION = YES;
				CLANG_WARN_OBJC_ROOT_CLASS = YES_ERROR;
				CLANG_WARN_RANGE_LOOP_ANALYSIS = YES;
				CLANG_WARN_STRICT_PROTOTYPES = YES;
				CLANG_WARN_SUSPICIOUS_MOVE = YES;
				CLANG_WARN_UNGUARDED_AVAILABILITY = YES_AGGRESSIVE;
				CLANG_WARN_UNREACHABLE_CODE = YES;
				CLANG_WARN__DUPLICATE_METHOD_MATCH = YES;
				CODE_SIGN_IDENTITY = "iPhone Developer";
				COPY_PHASE_STRIP = NO;
				DEBUG_INFORMATION_FORMAT = "dwarf-with-dsym";
				ENABLE_NS_ASSERTIONS = NO;
				ENABLE_STRICT_OBJC_MSGSEND = YES;
				GCC_C_LANGUAGE_STANDARD = gnu11;
				GCC_NO_COMMON_BLOCKS = YES;
				GCC_WARN_64_TO_32_BIT_CONVERSION = YES;
				GCC_WARN_ABOUT_RETURN_TYPE = YES_ERROR;
				GCC_WARN_UNDECLARED_SELECTOR = YES;
				GCC_WARN_UNINITIALIZED_AUTOS = YES_AGGRESSIVE;
				GCC_WARN_UNUSED_FUNCTION = YES;
				GCC_WARN_UNUSED_VARIABLE = YES;
				IPHONEOS_DEPLOYMENT_TARGET = 12.4;
				MTL_ENABLE_DEBUG_INFO = NO;
				MTL_FAST_MATH = YES;
				SDKROOT = iphoneos;
				SWIFT_COMPILATION_MODE = wholemodule;
				SWIFT_OPTIMIZATION_LEVEL = "-O";
				VALIDATE_PRODUCT = YES;
			};
			name = Release;
		};
		53D9239F22F9DDB40057B826 /* Debug */ = {
			isa = XCBuildConfiguration;
			buildSettings = {
				ASSETCATALOG_COMPILER_COMPLICATION_NAME = Complication;
				CODE_SIGN_STYLE = Automatic;
				DEVELOPMENT_TEAM = K872LUE7FR;
				INFOPLIST_FILE = "Convertisseur de monnaie WatchKit Extension/Info.plist";
				LD_RUNPATH_SEARCH_PATHS = (
					"$(inherited)",
					"@executable_path/Frameworks",
					"@executable_path/../../Frameworks",
				);
				PRODUCT_BUNDLE_IDENTIFIER = "Michel-Garlandat.Convertisseur-de-monnaie.watchkitapp.watchkitextension";
				PRODUCT_NAME = "${TARGET_NAME}";
				SDKROOT = watchos;
				SKIP_INSTALL = YES;
				SWIFT_VERSION = 5.0;
				TARGETED_DEVICE_FAMILY = 4;
				WATCHOS_DEPLOYMENT_TARGET = 5.3;
			};
			name = Debug;
		};
		53D923A022F9DDB40057B826 /* Release */ = {
			isa = XCBuildConfiguration;
			buildSettings = {
				ASSETCATALOG_COMPILER_COMPLICATION_NAME = Complication;
				CODE_SIGN_STYLE = Automatic;
				DEVELOPMENT_TEAM = K872LUE7FR;
				INFOPLIST_FILE = "Convertisseur de monnaie WatchKit Extension/Info.plist";
				LD_RUNPATH_SEARCH_PATHS = (
					"$(inherited)",
					"@executable_path/Frameworks",
					"@executable_path/../../Frameworks",
				);
				PRODUCT_BUNDLE_IDENTIFIER = "Michel-Garlandat.Convertisseur-de-monnaie.watchkitapp.watchkitextension";
				PRODUCT_NAME = "${TARGET_NAME}";
				SDKROOT = watchos;
				SKIP_INSTALL = YES;
				SWIFT_VERSION = 5.0;
				TARGETED_DEVICE_FAMILY = 4;
				WATCHOS_DEPLOYMENT_TARGET = 5.3;
			};
			name = Release;
		};
		53D923A322F9DDB40057B826 /* Debug */ = {
			isa = XCBuildConfiguration;
			buildSettings = {
				ALWAYS_EMBED_SWIFT_STANDARD_LIBRARIES = YES;
				ASSETCATALOG_COMPILER_APPICON_NAME = AppIcon;
				CODE_SIGN_STYLE = Automatic;
				DEVELOPMENT_TEAM = K872LUE7FR;
				IBSC_MODULE = Convertisseur_de_monnaie_WatchKit_Extension;
				INFOPLIST_FILE = "Convertisseur de monnaie WatchKit App/Info.plist";
				PRODUCT_BUNDLE_IDENTIFIER = "Michel-Garlandat.Convertisseur-de-monnaie.watchkitapp";
				PRODUCT_NAME = "$(TARGET_NAME)";
				SDKROOT = watchos;
				SKIP_INSTALL = YES;
				SWIFT_VERSION = 5.0;
				TARGETED_DEVICE_FAMILY = 4;
				WATCHOS_DEPLOYMENT_TARGET = 5.3;
			};
			name = Debug;
		};
		53D923A422F9DDB40057B826 /* Release */ = {
			isa = XCBuildConfiguration;
			buildSettings = {
				ALWAYS_EMBED_SWIFT_STANDARD_LIBRARIES = YES;
				ASSETCATALOG_COMPILER_APPICON_NAME = AppIcon;
				CODE_SIGN_STYLE = Automatic;
				DEVELOPMENT_TEAM = K872LUE7FR;
				IBSC_MODULE = Convertisseur_de_monnaie_WatchKit_Extension;
				INFOPLIST_FILE = "Convertisseur de monnaie WatchKit App/Info.plist";
				PRODUCT_BUNDLE_IDENTIFIER = "Michel-Garlandat.Convertisseur-de-monnaie.watchkitapp";
				PRODUCT_NAME = "$(TARGET_NAME)";
				SDKROOT = watchos;
				SKIP_INSTALL = YES;
				SWIFT_VERSION = 5.0;
				TARGETED_DEVICE_FAMILY = 4;
				WATCHOS_DEPLOYMENT_TARGET = 5.3;
			};
			name = Release;
		};
		53D923A722F9DDB40057B826 /* Debug */ = {
			isa = XCBuildConfiguration;
			buildSettings = {
				ASSETCATALOG_COMPILER_APPICON_NAME = AppIcon;
				CODE_SIGN_STYLE = Automatic;
				DEVELOPMENT_TEAM = K872LUE7FR;
				INFOPLIST_FILE = "Convertisseur de monnaie/Info.plist";
				LD_RUNPATH_SEARCH_PATHS = (
					"$(inherited)",
					"@executable_path/Frameworks",
				);
				PRODUCT_BUNDLE_IDENTIFIER = "Michel-Garlandat.Convertisseur-de-monnaie";
				PRODUCT_NAME = "$(TARGET_NAME)";
				SWIFT_VERSION = 5.0;
				TARGETED_DEVICE_FAMILY = "1,2";
			};
			name = Debug;
		};
		53D923A822F9DDB40057B826 /* Release */ = {
			isa = XCBuildConfiguration;
			buildSettings = {
				ASSETCATALOG_COMPILER_APPICON_NAME = AppIcon;
				CODE_SIGN_STYLE = Automatic;
				DEVELOPMENT_TEAM = K872LUE7FR;
				INFOPLIST_FILE = "Convertisseur de monnaie/Info.plist";
				LD_RUNPATH_SEARCH_PATHS = (
					"$(inherited)",
					"@executable_path/Frameworks",
				);
				PRODUCT_BUNDLE_IDENTIFIER = "Michel-Garlandat.Convertisseur-de-monnaie";
				PRODUCT_NAME = "$(TARGET_NAME)";
				SWIFT_VERSION = 5.0;
				TARGETED_DEVICE_FAMILY = "1,2";
			};
			name = Release;
		};
/* End XCBuildConfiguration section */

/* Begin XCConfigurationList section */
		53D9236A22F9DDB10057B826 /* Build configuration list for PBXProject "Convertisseur de monnaie" */ = {
			isa = XCConfigurationList;
			buildConfigurations = (
				53D9239C22F9DDB40057B826 /* Debug */,
				53D9239D22F9DDB40057B826 /* Release */,
			);
			defaultConfigurationIsVisible = 0;
			defaultConfigurationName = Release;
		};
		53D9239E22F9DDB40057B826 /* Build configuration list for PBXNativeTarget "Convertisseur de monnaie WatchKit Extension" */ = {
			isa = XCConfigurationList;
			buildConfigurations = (
				53D9239F22F9DDB40057B826 /* Debug */,
				53D923A022F9DDB40057B826 /* Release */,
			);
			defaultConfigurationIsVisible = 0;
			defaultConfigurationName = Release;
		};
		53D923A222F9DDB40057B826 /* Build configuration list for PBXNativeTarget "Convertisseur de monnaie WatchKit App" */ = {
			isa = XCConfigurationList;
			buildConfigurations = (
				53D923A322F9DDB40057B826 /* Debug */,
				53D923A422F9DDB40057B826 /* Release */,
			);
			defaultConfigurationIsVisible = 0;
			defaultConfigurationName = Release;
		};
		53D923A622F9DDB40057B826 /* Build configuration list for PBXNativeTarget "Convertisseur de monnaie" */ = {
			isa = XCConfigurationList;
			buildConfigurations = (
				53D923A722F9DDB40057B826 /* Debug */,
				53D923A822F9DDB40057B826 /* Release */,
			);
			defaultConfigurationIsVisible = 0;
			defaultConfigurationName = Release;
		};
/* End XCConfigurationList section */
	};
	rootObject = 53D9236722F9DDB10057B826 /* Project object */;
}
